
Microsoft Visual Studio Solution File, Format Version 12.00
# Visual Studio Version 17
VisualStudioVersion = 17.8.34525.116
MinimumVisualStudioVersion = 10.0.40219.1
Project("{FAE04EC0-301F-11D3-BF4B-00C04F79EFBC}") = "MoviesGalleryAPI", "MoviesGalleryAPI.csproj", "{ABB61F6C-8247-4B12-8652-FAAE62390DAA}"
EndProject
Global
	GlobalSection(SolutionConfigurationPlatforms) = preSolution
		Debug|Any CPU = Debug|Any CPU
		Release|Any CPU = Release|Any CPU
	EndGlobalSection
	GlobalSection(ProjectConfigurationPlatforms) = postSolution
		{ABB61F6C-8247-4B12-8652-FAAE62390DAA}.Debug|Any CPU.ActiveCfg = Debug|Any CPU
		{ABB61F6C-8247-4B12-8652-FAAE62390DAA}.Debug|Any CPU.Build.0 = Debug|Any CPU
		{ABB61F6C-8247-4B12-8652-FAAE62390DAA}.Release|Any CPU.ActiveCfg = Release|Any CPU
		{ABB61F6C-8247-4B12-8652-FAAE62390DAA}.Release|Any CPU.Build.0 = Release|Any CPU
	EndGlobalSection
	GlobalSection(SolutionProperties) = preSolution
		HideSolutionNode = FALSE
	EndGlobalSection
	GlobalSection(ExtensibilityGlobals) = postSolution
		SolutionGuid = {1D0B831C-43C7-4981-8D8B-50017840EFC5}
	EndGlobalSection
EndGlobal
